hash: 4e9e215a68b22b17b52d27c1e6b40fc9adef3aa55f5b1ab1fa354dd4f6f22529
updated: 2017-04-26T21:57:39.674846603+01:00
imports:
- name: github.com/gorilla/websocket
  version: 3ab3a8b8831546bd18fd182c20687ca853b2bb13
- name: github.com/pkg/errors
  version: 645ef00459ed84a119197bfb8d8205042c6df63d
testImports: []
